
Microsoft Visual Studio Solution File, Format Version 12.00
# Visual Studio Version 16
VisualStudioVersion = 16.0.31624.102
MinimumVisualStudioVersion = 10.0.40219.1
Project("{FAE04EC0-301F-11D3-BF4B-00C04F79EFBC}") = "TheBigImdbQuest", "TheBigImdbQuest\TheBigImdbQuest.csproj", "{14FE97EC-AF03-4DB0-BA1F-ECFD0821582F}"
EndProject
Project("{FAE04EC0-301F-11D3-BF4B-00C04F79EFBC}") = "TheBigImdbQuest_Test", "TheBigImdbQuest_Test\TheBigImdbQuest_Test.csproj", "{BCD6B4AB-4181-42CB-A31F-55E130ACFF1D}"
EndProject
Global
	GlobalSection(SolutionConfigurationPlatforms) = preSolution
		Debug|Any CPU = Debug|Any CPU
		Release|Any CPU = Release|Any CPU
	EndGlobalSection
	GlobalSection(ProjectConfigurationPlatforms) = postSolution
		{14FE97EC-AF03-4DB0-BA1F-ECFD0821582F}.Debug|Any CPU.ActiveCfg = Debug|Any CPU
		{14FE97EC-AF03-4DB0-BA1F-ECFD0821582F}.Debug|Any CPU.Build.0 = Debug|Any CPU
		{14FE97EC-AF03-4DB0-BA1F-ECFD0821582F}.Release|Any CPU.ActiveCfg = Release|Any CPU
		{14FE97EC-AF03-4DB0-BA1F-ECFD0821582F}.Release|Any CPU.Build.0 = Release|Any CPU
		{BCD6B4AB-4181-42CB-A31F-55E130ACFF1D}.Debug|Any CPU.ActiveCfg = Debug|Any CPU
		{BCD6B4AB-4181-42CB-A31F-55E130ACFF1D}.Debug|Any CPU.Build.0 = Debug|Any CPU
		{BCD6B4AB-4181-42CB-A31F-55E130ACFF1D}.Release|Any CPU.ActiveCfg = Release|Any CPU
		{BCD6B4AB-4181-42CB-A31F-55E130ACFF1D}.Release|Any CPU.Build.0 = Release|Any CPU
	EndGlobalSection
	GlobalSection(SolutionProperties) = preSolution
		HideSolutionNode = FALSE
	EndGlobalSection
	GlobalSection(ExtensibilityGlobals) = postSolution
		SolutionGuid = {69D59E87-8B40-4639-89F9-0117B578D5B2}
	EndGlobalSection
EndGlobal
